
Microsoft Visual Studio Solution File, Format Version 12.00
# Visual Studio Version 17
VisualStudioVersion = 17.0.31903.59
MinimumVisualStudioVersion = 10.0.40219.1
Project("{2150E333-8FDC-42A3-9474-1A3956D46DE8}") = "src", "src", "{53EDEC72-2BE0-419D-A3CD-8502C4A7A565}"
EndProject
Project("{2150E333-8FDC-42A3-9474-1A3956D46DE8}") = "Services", "Services", "{DC0D4EBD-BEEF-4803-B49A-419D6A1ECA78}"
EndProject
Project("{2150E333-8FDC-42A3-9474-1A3956D46DE8}") = "Production", "Production", "{A410251F-4817-4DC8-8D03-4C2CA23C2156}"
EndProject
Project("{2150E333-8FDC-42A3-9474-1A3956D46DE8}") = "Sales", "Sales", "{7E49E8F2-5EFC-4A16-B7B5-B3565FB4E565}"
EndProject
Project("{9A19103F-16F7-4668-BE54-9A1E7A4F7556}") = "IceCream.Sales.Domain", "src\Services\Sales\IceCream.Sales.Domain\IceCream.Sales.Domain.csproj", "{F362313F-A296-491B-AE8C-EB72BB030AC4}"
EndProject
Project("{2150E333-8FDC-42A3-9474-1A3956D46DE8}") = "SharedKernel", "SharedKernel", "{9A3A8779-B088-4F28-8D19-0278351FE80D}"
EndProject
Project("{9A19103F-16F7-4668-BE54-9A1E7A4F7556}") = "IceCream.SharedKernel.Domain", "src\SharedKernel\IceCream.SharedKernel.Domain\IceCream.SharedKernel.Domain.csproj", "{9D35B209-2147-4354-AF94-8E53A71F43A9}"
EndProject
Project("{9A19103F-16F7-4668-BE54-9A1E7A4F7556}") = "IceCream.Production.Domain", "src\Services\Production\IceCream.Production.Domain\IceCream.Production.Domain.csproj", "{3B2AC56F-66FC-4D7D-8699-89579E4A45D1}"
EndProject
Project("{9A19103F-16F7-4668-BE54-9A1E7A4F7556}") = "IceCream.SharedKernel.UnitTests", "src\Services\Sales\Tests\IceCream.Sales.UnitTests\IceCream.SharedKernel.UnitTests.csproj", "{DE3C60F1-5B75-42AA-A9C3-55DB9BA47F5E}"
EndProject
Project("{2150E333-8FDC-42A3-9474-1A3956D46DE8}") = "Tests", "Tests", "{33F80AFF-EA37-4207-8159-323FFED469F6}"
EndProject
Project("{2150E333-8FDC-42A3-9474-1A3956D46DE8}") = "Presentation", "Presentation", "{33E46EF7-72D1-4FD6-B5D7-A9CB788184D9}"
EndProject
Project("{9A19103F-16F7-4668-BE54-9A1E7A4F7556}") = "IceCream.Console.App", "src\Presentation\IceCream.Console.App\IceCream.Console.App.csproj", "{4B4EBC14-2067-4D8C-8121-102592F877F3}"
EndProject
Project("{2150E333-8FDC-42A3-9474-1A3956D46DE8}") = "BuildingBlocks", "BuildingBlocks", "{8A16CAB4-C58E-4D60-916D-F577CAC6995B}"
EndProject
Project("{2150E333-8FDC-42A3-9474-1A3956D46DE8}") = "test", "test", "{D5892B6D-BE59-4390-B9BE-24F3ADD15712}"
EndProject
Project("{9A19103F-16F7-4668-BE54-9A1E7A4F7556}") = "IceCream.ArchitectureTests", "test\IceCream.ArchitectureTests\IceCream.ArchitectureTests.csproj", "{F38FB4FF-A3E5-46A2-8A20-1DE05394C01D}"
EndProject
Project("{2150E333-8FDC-42A3-9474-1A3956D46DE8}") = "Mediator", "Mediator", "{9C218EDB-EA18-46BA-BDD7-031868E570B3}"
EndProject
Project("{9A19103F-16F7-4668-BE54-9A1E7A4F7556}") = "MediatoR", "src\BuildingBlocks\Mediator\MediatoR\MediatoR.csproj", "{4866E83F-1032-4B9E-8E6A-B1A390636F5B}"
EndProject
Project("{9A19103F-16F7-4668-BE54-9A1E7A4F7556}") = "IceCream.Sales.Infrastructure", "src\Services\Sales\IceCream.Sales.Infrastructure\IceCream.Sales.Infrastructure.csproj", "{879582F4-C097-4373-B746-06E05DB218F7}"
EndProject
Project("{9A19103F-16F7-4668-BE54-9A1E7A4F7556}") = "IceCream.Sales.Application", "src\Services\Sales\IceCream.Sales.Application\IceCream.Sales.Application.csproj", "{2EACBD57-2551-4473-9963-FE30D76A04C8}"
EndProject
Project("{9A19103F-16F7-4668-BE54-9A1E7A4F7556}") = "IceCream.Sales.Application.API", "src\Services\Sales\IceCream.Sales.Application.API\IceCream.Sales.Application.API.csproj", "{8E807C85-DDC5-4069-B168-6A59FA95390E}"
EndProject
Global
	GlobalSection(SolutionConfigurationPlatforms) = preSolution
		Debug|Any CPU = Debug|Any CPU
		Release|Any CPU = Release|Any CPU
	EndGlobalSection
	GlobalSection(ProjectConfigurationPlatforms) = postSolution
		{F362313F-A296-491B-AE8C-EB72BB030AC4}.Debug|Any CPU.ActiveCfg = Debug|Any CPU
		{F362313F-A296-491B-AE8C-EB72BB030AC4}.Debug|Any CPU.Build.0 = Debug|Any CPU
		{F362313F-A296-491B-AE8C-EB72BB030AC4}.Release|Any CPU.ActiveCfg = Release|Any CPU
		{F362313F-A296-491B-AE8C-EB72BB030AC4}.Release|Any CPU.Build.0 = Release|Any CPU
		{9D35B209-2147-4354-AF94-8E53A71F43A9}.Debug|Any CPU.ActiveCfg = Debug|Any CPU
		{9D35B209-2147-4354-AF94-8E53A71F43A9}.Debug|Any CPU.Build.0 = Debug|Any CPU
		{9D35B209-2147-4354-AF94-8E53A71F43A9}.Release|Any CPU.ActiveCfg = Release|Any CPU
		{9D35B209-2147-4354-AF94-8E53A71F43A9}.Release|Any CPU.Build.0 = Release|Any CPU
		{3B2AC56F-66FC-4D7D-8699-89579E4A45D1}.Debug|Any CPU.ActiveCfg = Debug|Any CPU
		{3B2AC56F-66FC-4D7D-8699-89579E4A45D1}.Debug|Any CPU.Build.0 = Debug|Any CPU
		{3B2AC56F-66FC-4D7D-8699-89579E4A45D1}.Release|Any CPU.ActiveCfg = Release|Any CPU
		{3B2AC56F-66FC-4D7D-8699-89579E4A45D1}.Release|Any CPU.Build.0 = Release|Any CPU
		{DE3C60F1-5B75-42AA-A9C3-55DB9BA47F5E}.Debug|Any CPU.ActiveCfg = Debug|Any CPU
		{DE3C60F1-5B75-42AA-A9C3-55DB9BA47F5E}.Debug|Any CPU.Build.0 = Debug|Any CPU
		{DE3C60F1-5B75-42AA-A9C3-55DB9BA47F5E}.Release|Any CPU.ActiveCfg = Release|Any CPU
		{DE3C60F1-5B75-42AA-A9C3-55DB9BA47F5E}.Release|Any CPU.Build.0 = Release|Any CPU
		{4B4EBC14-2067-4D8C-8121-102592F877F3}.Debug|Any CPU.ActiveCfg = Debug|Any CPU
		{4B4EBC14-2067-4D8C-8121-102592F877F3}.Debug|Any CPU.Build.0 = Debug|Any CPU
		{4B4EBC14-2067-4D8C-8121-102592F877F3}.Release|Any CPU.ActiveCfg = Release|Any CPU
		{4B4EBC14-2067-4D8C-8121-102592F877F3}.Release|Any CPU.Build.0 = Release|Any CPU
		{F38FB4FF-A3E5-46A2-8A20-1DE05394C01D}.Debug|Any CPU.ActiveCfg = Debug|Any CPU
		{F38FB4FF-A3E5-46A2-8A20-1DE05394C01D}.Debug|Any CPU.Build.0 = Debug|Any CPU
		{F38FB4FF-A3E5-46A2-8A20-1DE05394C01D}.Release|Any CPU.ActiveCfg = Release|Any CPU
		{F38FB4FF-A3E5-46A2-8A20-1DE05394C01D}.Release|Any CPU.Build.0 = Release|Any CPU
		{4866E83F-1032-4B9E-8E6A-B1A390636F5B}.Debug|Any CPU.ActiveCfg = Debug|Any CPU
		{4866E83F-1032-4B9E-8E6A-B1A390636F5B}.Debug|Any CPU.Build.0 = Debug|Any CPU
		{4866E83F-1032-4B9E-8E6A-B1A390636F5B}.Release|Any CPU.ActiveCfg = Release|Any CPU
		{4866E83F-1032-4B9E-8E6A-B1A390636F5B}.Release|Any CPU.Build.0 = Release|Any CPU
		{879582F4-C097-4373-B746-06E05DB218F7}.Debug|Any CPU.ActiveCfg = Debug|Any CPU
		{879582F4-C097-4373-B746-06E05DB218F7}.Debug|Any CPU.Build.0 = Debug|Any CPU
		{879582F4-C097-4373-B746-06E05DB218F7}.Release|Any CPU.ActiveCfg = Release|Any CPU
		{879582F4-C097-4373-B746-06E05DB218F7}.Release|Any CPU.Build.0 = Release|Any CPU
		{2EACBD57-2551-4473-9963-FE30D76A04C8}.Debug|Any CPU.ActiveCfg = Debug|Any CPU
		{2EACBD57-2551-4473-9963-FE30D76A04C8}.Debug|Any CPU.Build.0 = Debug|Any CPU
		{2EACBD57-2551-4473-9963-FE30D76A04C8}.Release|Any CPU.ActiveCfg = Release|Any CPU
		{2EACBD57-2551-4473-9963-FE30D76A04C8}.Release|Any CPU.Build.0 = Release|Any CPU
		{8E807C85-DDC5-4069-B168-6A59FA95390E}.Debug|Any CPU.ActiveCfg = Debug|Any CPU
		{8E807C85-DDC5-4069-B168-6A59FA95390E}.Debug|Any CPU.Build.0 = Debug|Any CPU
		{8E807C85-DDC5-4069-B168-6A59FA95390E}.Release|Any CPU.ActiveCfg = Release|Any CPU
		{8E807C85-DDC5-4069-B168-6A59FA95390E}.Release|Any CPU.Build.0 = Release|Any CPU
	EndGlobalSection
	GlobalSection(SolutionProperties) = preSolution
		HideSolutionNode = FALSE
	EndGlobalSection
	GlobalSection(NestedProjects) = preSolution
		{DC0D4EBD-BEEF-4803-B49A-419D6A1ECA78} = {53EDEC72-2BE0-419D-A3CD-8502C4A7A565}
		{A410251F-4817-4DC8-8D03-4C2CA23C2156} = {DC0D4EBD-BEEF-4803-B49A-419D6A1ECA78}
		{7E49E8F2-5EFC-4A16-B7B5-B3565FB4E565} = {DC0D4EBD-BEEF-4803-B49A-419D6A1ECA78}
		{F362313F-A296-491B-AE8C-EB72BB030AC4} = {7E49E8F2-5EFC-4A16-B7B5-B3565FB4E565}
		{9A3A8779-B088-4F28-8D19-0278351FE80D} = {53EDEC72-2BE0-419D-A3CD-8502C4A7A565}
		{9D35B209-2147-4354-AF94-8E53A71F43A9} = {9A3A8779-B088-4F28-8D19-0278351FE80D}
		{3B2AC56F-66FC-4D7D-8699-89579E4A45D1} = {A410251F-4817-4DC8-8D03-4C2CA23C2156}
		{DE3C60F1-5B75-42AA-A9C3-55DB9BA47F5E} = {33F80AFF-EA37-4207-8159-323FFED469F6}
		{33F80AFF-EA37-4207-8159-323FFED469F6} = {9A3A8779-B088-4F28-8D19-0278351FE80D}
		{33E46EF7-72D1-4FD6-B5D7-A9CB788184D9} = {53EDEC72-2BE0-419D-A3CD-8502C4A7A565}
		{4B4EBC14-2067-4D8C-8121-102592F877F3} = {33E46EF7-72D1-4FD6-B5D7-A9CB788184D9}
		{8A16CAB4-C58E-4D60-916D-F577CAC6995B} = {53EDEC72-2BE0-419D-A3CD-8502C4A7A565}
		{F38FB4FF-A3E5-46A2-8A20-1DE05394C01D} = {D5892B6D-BE59-4390-B9BE-24F3ADD15712}
		{9C218EDB-EA18-46BA-BDD7-031868E570B3} = {8A16CAB4-C58E-4D60-916D-F577CAC6995B}
		{4866E83F-1032-4B9E-8E6A-B1A390636F5B} = {9C218EDB-EA18-46BA-BDD7-031868E570B3}
		{879582F4-C097-4373-B746-06E05DB218F7} = {7E49E8F2-5EFC-4A16-B7B5-B3565FB4E565}
		{2EACBD57-2551-4473-9963-FE30D76A04C8} = {7E49E8F2-5EFC-4A16-B7B5-B3565FB4E565}
		{8E807C85-DDC5-4069-B168-6A59FA95390E} = {7E49E8F2-5EFC-4A16-B7B5-B3565FB4E565}
	EndGlobalSection
	GlobalSection(ExtensibilityGlobals) = postSolution
		SolutionGuid = {703D1A06-C469-445E-9391-EA8516E343DD}
	EndGlobalSection
EndGlobal
